
Microsoft Visual Studio Solution File, Format Version 12.00
# Visual Studio Version 16
VisualStudioVersion = 16.0.30104.148
MinimumVisualStudioVersion = 10.0.40219.1
Project("{FAE04EC0-301F-11D3-BF4B-00C04F79EFBC}") = "SuperLog", "SuperLog\SuperLog.csproj", "{A1AADDAB-74A6-4510-AD60-8D621F8BAF59}"
EndProject
Global
	GlobalSection(SolutionConfigurationPlatforms) = preSolution
		Debug|Any CPU = Debug|Any CPU
		Release|Any CPU = Release|Any CPU
	EndGlobalSection
	GlobalSection(ProjectConfigurationPlatforms) = postSolution
		{A1AADDAB-74A6-4510-AD60-8D621F8BAF59}.Debug|Any CPU.ActiveCfg = Debug|Any CPU
		{A1AADDAB-74A6-4510-AD60-8D621F8BAF59}.Debug|Any CPU.Build.0 = Debug|Any CPU
		{A1AADDAB-74A6-4510-AD60-8D621F8BAF59}.Release|Any CPU.ActiveCfg = Release|Any CPU
		{A1AADDAB-74A6-4510-AD60-8D621F8BAF59}.Release|Any CPU.Build.0 = Release|Any CPU
	EndGlobalSection
	GlobalSection(SolutionProperties) = preSolution
		HideSolutionNode = FALSE
	EndGlobalSection
	GlobalSection(ExtensibilityGlobals) = postSolution
		SolutionGuid = {4709ACEE-DB2B-4CAE-9430-4B2983343153}
	EndGlobalSection
EndGlobal
